// !$*UTF8*$!
{
	archiveVersion = 1;
	classes = {
	};
	objectVersion = 50;
	objects = {

/* Begin PBXBuildFile section */
		7A83B8052175977400A36BFE /* AppDelegate.m in Sources */ = {isa = PBXBuildFile; fileRef = 7A83B8042175977400A36BFE /* AppDelegate.m */; };
		7A83B8082175977400A36BFE /* ViewController.m in Sources */ = {isa = PBXBuildFile; fileRef = 7A83B8072175977400A36BFE /* ViewController.m */; };
		7A83B80B2175977400A36BFE /* Main.storyboard in Resources */ = {isa = PBXBuildFile; fileRef = 7A83B8092175977400A36BFE /* Main.storyboard */; };
		7A83B80D2175977600A36BFE /* Assets.xcassets in Resources */ = {isa = PBXBuildFile; fileRef = 7A83B80C2175977600A36BFE /* Assets.xcassets */; };
		7A83B8102175977600A36BFE /* LaunchScreen.storyboard in Resources */ = {isa = PBXBuildFile; fileRef = 7A83B80E2175977600A36BFE /* LaunchScreen.storyboard */; };
		7A83B8132175977600A36BFE /* main.m in Sources */ = {isa = PBXBuildFile; fileRef = 7A83B8122175977600A36BFE /* main.m */; };
		7A83B81D2175977600A36BFE /* HQShopDemoTests.m in Sources */ = {isa = PBXBuildFile; fileRef = 7A83B81C2175977600A36BFE /* HQShopDemoTests.m */; };
		7A83B8282175977600A36BFE /* HQShopDemoUITests.m in Sources */ = {isa = PBXBuildFile; fileRef = 7A83B8272175977600A36BFE /* HQShopDemoUITests.m */; };
		7A83B8412175993B00A36BFE /* HQMainTabbarVC.m in Sources */ = {isa = PBXBuildFile; fileRef = 7A83B8402175993B00A36BFE /* HQMainTabbarVC.m */; };
		7A83B8442175994E00A36BFE /* HQTabbar.m in Sources */ = {isa = PBXBuildFile; fileRef = 7A83B8432175994E00A36BFE /* HQTabbar.m */; };
		7A83B8482175B13500A36BFE /* UIImage+HQImage.m in Sources */ = {isa = PBXBuildFile; fileRef = 7A83B8472175B13500A36BFE /* UIImage+HQImage.m */; };
		7A83B84B2175B1C700A36BFE /* UIView+HQExtension.m in Sources */ = {isa = PBXBuildFile; fileRef = 7A83B84A2175B1C700A36BFE /* UIView+HQExtension.m */; };
		7A83B84E2175B2A000A36BFE /* HQHomeVC.m in Sources */ = {isa = PBXBuildFile; fileRef = 7A83B84D2175B2A000A36BFE /* HQHomeVC.m */; };
		7A83B8512175B2C900A36BFE /* HQProjectVC.m in Sources */ = {isa = PBXBuildFile; fileRef = 7A83B8502175B2C900A36BFE /* HQProjectVC.m */; };
		7A83B8542175B2EA00A36BFE /* HQMineVC.m in Sources */ = {isa = PBXBuildFile; fileRef = 7A83B8532175B2EA00A36BFE /* HQMineVC.m */; };
		7A83B8572175B2FF00A36BFE /* HQCartVC.m in Sources */ = {isa = PBXBuildFile; fileRef = 7A83B8562175B2FF00A36BFE /* HQCartVC.m */; };
		7A83B85A2175B31600A36BFE /* HQGoodsCategroyVC.m in Sources */ = {isa = PBXBuildFile; fileRef = 7A83B8592175B31600A36BFE /* HQGoodsCategroyVC.m */; };
		7A83B85D2175BBE400A36BFE /* UIColor+HQColor.m in Sources */ = {isa = PBXBuildFile; fileRef = 7A83B85C2175BBE400A36BFE /* UIColor+HQColor.m */; };
/* End PBXBuildFile section */

/* Begin PBXContainerItemProxy section */
		7A83B8192175977600A36BFE /* PBXContainerItemProxy */ = {
			isa = PBXContainerItemProxy;
			containerPortal = 7A83B7F82175977400A36BFE /* Project object */;
			proxyType = 1;
			remoteGlobalIDString = 7A83B7FF2175977400A36BFE;
			remoteInfo = HQShopDemo;
		};
		7A83B8242175977600A36BFE /* PBXContainerItemProxy */ = {
			isa = PBXContainerItemProxy;
			containerPortal = 7A83B7F82175977400A36BFE /* Project object */;
			proxyType = 1;
			remoteGlobalIDString = 7A83B7FF2175977400A36BFE;
			remoteInfo = HQShopDemo;
		};
/* End PBXContainerItemProxy section */

/* Begin PBXFileReference section */
		7A83B8002175977400A36BFE /* HQShopDemo.app */ = {isa = PBXFileReference; explicitFileType = wrapper.application; includeInIndex = 0; path = HQShopDemo.app; sourceTree = BUILT_PRODUCTS_DIR; };
		7A83B8032175977400A36BFE /* AppDelegate.h */ = {isa = PBXFileReference; lastKnownFileType = sourcecode.c.h; path = AppDelegate.h; sourceTree = "<group>"; };
		7A83B8042175977400A36BFE /* AppDelegate.m */ = {isa = PBXFileReference; lastKnownFileType = sourcecode.c.objc; path = AppDelegate.m; sourceTree = "<group>"; };
		7A83B8062175977400A36BFE /* ViewController.h */ = {isa = PBXFileReference; lastKnownFileType = sourcecode.c.h; path = ViewController.h; sourceTree = "<group>"; };
		7A83B8072175977400A36BFE /* ViewController.m */ = {isa = PBXFileReference; lastKnownFileType = sourcecode.c.objc; path = ViewController.m; sourceTree = "<group>"; };
		7A83B80A2175977400A36BFE /* Base */ = {isa = PBXFileReference; lastKnownFileType = file.storyboard; name = Base; path = Base.lproj/Main.storyboard; sourceTree = "<group>"; };
		7A83B80C2175977600A36BFE /* Assets.xcassets */ = {isa = PBXFileReference; lastKnownFileType = folder.assetcatalog; path = Assets.xcassets; sourceTree = "<group>"; };
		7A83B80F2175977600A36BFE /* Base */ = {isa = PBXFileReference; lastKnownFileType = file.storyboard; name = Base; path = Base.lproj/LaunchScreen.storyboard; sourceTree = "<group>"; };
		7A83B8112175977600A36BFE /* Info.plist */ = {isa = PBXFileReference; lastKnownFileType = text.plist.xml; path = Info.plist; sourceTree = "<group>"; };
		7A83B8122175977600A36BFE /* main.m */ = {isa = PBXFileReference; lastKnownFileType = sourcecode.c.objc; path = main.m; sourceTree = "<group>"; };
		7A83B8182175977600A36BFE /* HQShopDemoTests.xctest */ = {isa = PBXFileReference; explicitFileType = wrapper.cfbundle; includeInIndex = 0; path = HQShopDemoTests.xctest; sourceTree = BUILT_PRODUCTS_DIR; };
		7A83B81C2175977600A36BFE /* HQShopDemoTests.m */ = {isa = PBXFileReference; lastKnownFileType = sourcecode.c.objc; path = HQShopDemoTests.m; sourceTree = "<group>"; };
		7A83B81E2175977600A36BFE /* Info.plist */ = {isa = PBXFileReference; lastKnownFileType = text.plist.xml; path = Info.plist; sourceTree = "<group>"; };
		7A83B8232175977600A36BFE /* HQShopDemoUITests.xctest */ = {isa = PBXFileReference; explicitFileType = wrapper.cfbundle; includeInIndex = 0; path = HQShopDemoUITests.xctest; sourceTree = BUILT_PRODUCTS_DIR; };
		7A83B8272175977600A36BFE /* HQShopDemoUITests.m */ = {isa = PBXFileReference; lastKnownFileType = sourcecode.c.objc; path = HQShopDemoUITests.m; sourceTree = "<group>"; };
		7A83B8292175977600A36BFE /* Info.plist */ = {isa = PBXFileReference; lastKnownFileType = text.plist.xml; path = Info.plist; sourceTree = "<group>"; };
		7A83B83F2175993B00A36BFE /* HQMainTabbarVC.h */ = {isa = PBXFileReference; lastKnownFileType = sourcecode.c.h; path = HQMainTabbarVC.h; sourceTree = "<group>"; };
		7A83B8402175993B00A36BFE /* HQMainTabbarVC.m */ = {isa = PBXFileReference; lastKnownFileType = sourcecode.c.objc; path = HQMainTabbarVC.m; sourceTree = "<group>"; };
		7A83B8422175994E00A36BFE /* HQTabbar.h */ = {isa = PBXFileReference; lastKnownFileType = sourcecode.c.h; path = HQTabbar.h; sourceTree = "<group>"; };
		7A83B8432175994E00A36BFE /* HQTabbar.m */ = {isa = PBXFileReference; lastKnownFileType = sourcecode.c.objc; path = HQTabbar.m; sourceTree = "<group>"; };
		7A83B8462175B13500A36BFE /* UIImage+HQImage.h */ = {isa = PBXFileReference; lastKnownFileType = sourcecode.c.h; path = "UIImage+HQImage.h"; sourceTree = "<group>"; };
		7A83B8472175B13500A36BFE /* UIImage+HQImage.m */ = {isa = PBXFileReference; lastKnownFileType = sourcecode.c.objc; path = "UIImage+HQImage.m"; sourceTree = "<group>"; };
		7A83B8492175B1C700A36BFE /* UIView+HQExtension.h */ = {isa = PBXFileReference; lastKnownFileType = sourcecode.c.h; path = "UIView+HQExtension.h"; sourceTree = "<group>"; };
		7A83B84A2175B1C700A36BFE /* UIView+HQExtension.m */ = {isa = PBXFileReference; lastKnownFileType = sourcecode.c.objc; path = "UIView+HQExtension.m"; sourceTree = "<group>"; };
		7A83B84C2175B2A000A36BFE /* HQHomeVC.h */ = {isa = PBXFileReference; lastKnownFileType = sourcecode.c.h; path = HQHomeVC.h; sourceTree = "<group>"; };
		7A83B84D2175B2A000A36BFE /* HQHomeVC.m */ = {isa = PBXFileReference; lastKnownFileType = sourcecode.c.objc; path = HQHomeVC.m; sourceTree = "<group>"; };
		7A83B84F2175B2C900A36BFE /* HQProjectVC.h */ = {isa = PBXFileReference; lastKnownFileType = sourcecode.c.h; path = HQProjectVC.h; sourceTree = "<group>"; };
		7A83B8502175B2C900A36BFE /* HQProjectVC.m */ = {isa = PBXFileReference; lastKnownFileType = sourcecode.c.objc; path = HQProjectVC.m; sourceTree = "<group>"; };
		7A83B8522175B2EA00A36BFE /* HQMineVC.h */ = {isa = PBXFileReference; lastKnownFileType = sourcecode.c.h; path = HQMineVC.h; sourceTree = "<group>"; };
		7A83B8532175B2EA00A36BFE /* HQMineVC.m */ = {isa = PBXFileReference; lastKnownFileType = sourcecode.c.objc; path = HQMineVC.m; sourceTree = "<group>"; };
		7A83B8552175B2FF00A36BFE /* HQCartVC.h */ = {isa = PBXFileReference; lastKnownFileType = sourcecode.c.h; path = HQCartVC.h; sourceTree = "<group>"; };
		7A83B8562175B2FF00A36BFE /* HQCartVC.m */ = {isa = PBXFileReference; lastKnownFileType = sourcecode.c.objc; path = HQCartVC.m; sourceTree = "<group>"; };
		7A83B8582175B31600A36BFE /* HQGoodsCategroyVC.h */ = {isa = PBXFileReference; lastKnownFileType = sourcecode.c.h; path = HQGoodsCategroyVC.h; sourceTree = "<group>"; };
		7A83B8592175B31600A36BFE /* HQGoodsCategroyVC.m */ = {isa = PBXFileReference; lastKnownFileType = sourcecode.c.objc; path = HQGoodsCategroyVC.m; sourceTree = "<group>"; };
		7A83B85B2175BBE400A36BFE /* UIColor+HQColor.h */ = {isa = PBXFileReference; lastKnownFileType = sourcecode.c.h; path = "UIColor+HQColor.h"; sourceTree = "<group>"; };
		7A83B85C2175BBE400A36BFE /* UIColor+HQColor.m */ = {isa = PBXFileReference; lastKnownFileType = sourcecode.c.objc; path = "UIColor+HQColor.m"; sourceTree = "<group>"; };
/* End PBXFileReference section */

/* Begin PBXFrameworksBuildPhase section */
		7A83B7FD2175977400A36BFE /* Frameworks */ = {
			isa = PBXFrameworksBuildPhase;
			buildActionMask = 2147483647;
			files = (
			);
			runOnlyForDeploymentPostprocessing = 0;
		};
		7A83B8152175977600A36BFE /* Frameworks */ = {
			isa = PBXFrameworksBuildPhase;
			buildActionMask = 2147483647;
			files = (
			);
			runOnlyForDeploymentPostprocessing = 0;
		};
		7A83B8202175977600A36BFE /* Frameworks */ = {
			isa = PBXFrameworksBuildPhase;
			buildActionMask = 2147483647;
			files = (
			);
			runOnlyForDeploymentPostprocessing = 0;
		};
/* End PBXFrameworksBuildPhase section */

/* Begin PBXGroup section */
		7A83B7F72175977400A36BFE = {
			isa = PBXGroup;
			children = (
				7A83B8022175977400A36BFE /* HQShopDemo */,
				7A83B81B2175977600A36BFE /* HQShopDemoTests */,
				7A83B8262175977600A36BFE /* HQShopDemoUITests */,
				7A83B8012175977400A36BFE /* Products */,
			);
			sourceTree = "<group>";
		};
		7A83B8012175977400A36BFE /* Products */ = {
			isa = PBXGroup;
			children = (
				7A83B8002175977400A36BFE /* HQShopDemo.app */,
				7A83B8182175977600A36BFE /* HQShopDemoTests.xctest */,
				7A83B8232175977600A36BFE /* HQShopDemoUITests.xctest */,
			);
			name = Products;
			sourceTree = "<group>";
		};
		7A83B8022175977400A36BFE /* HQShopDemo */ = {
			isa = PBXGroup;
			children = (
				7A83B8452175B0FD00A36BFE /* Categroy */,
				7A83B8352175983B00A36BFE /* Classes */,
				7A83B8032175977400A36BFE /* AppDelegate.h */,
				7A83B8042175977400A36BFE /* AppDelegate.m */,
				7A83B8062175977400A36BFE /* ViewController.h */,
				7A83B8072175977400A36BFE /* ViewController.m */,
				7A83B8092175977400A36BFE /* Main.storyboard */,
				7A83B80C2175977600A36BFE /* Assets.xcassets */,
				7A83B80E2175977600A36BFE /* LaunchScreen.storyboard */,
				7A83B8112175977600A36BFE /* Info.plist */,
				7A83B8122175977600A36BFE /* main.m */,
			);
			path = HQShopDemo;
			sourceTree = "<group>";
		};
		7A83B81B2175977600A36BFE /* HQShopDemoTests */ = {
			isa = PBXGroup;
			children = (
				7A83B81C2175977600A36BFE /* HQShopDemoTests.m */,
				7A83B81E2175977600A36BFE /* Info.plist */,
			);
			path = HQShopDemoTests;
			sourceTree = "<group>";
		};
		7A83B8262175977600A36BFE /* HQShopDemoUITests */ = {
			isa = PBXGroup;
			children = (
				7A83B8272175977600A36BFE /* HQShopDemoUITests.m */,
				7A83B8292175977600A36BFE /* Info.plist */,
			);
			path = HQShopDemoUITests;
			sourceTree = "<group>";
		};
		7A83B8352175983B00A36BFE /* Classes */ = {
			isa = PBXGroup;
			children = (
				7A83B83B2175987500A36BFE /* Main */,
				7A83B8362175983B00A36BFE /* Home */,
				7A83B8372175983B00A36BFE /* Project */,
				7A83B8382175983B00A36BFE /* Me */,
				7A83B8392175983B00A36BFE /* Cart */,
				7A83B83A2175983B00A36BFE /* GoodsCategroy */,
			);
			path = Classes;
			sourceTree = "<group>";
		};
		7A83B8362175983B00A36BFE /* Home */ = {
			isa = PBXGroup;
			children = (
				7A83B84C2175B2A000A36BFE /* HQHomeVC.h */,
				7A83B84D2175B2A000A36BFE /* HQHomeVC.m */,
			);
			path = Home;
			sourceTree = "<group>";
		};
		7A83B8372175983B00A36BFE /* Project */ = {
			isa = PBXGroup;
			children = (
				7A83B84F2175B2C900A36BFE /* HQProjectVC.h */,
				7A83B8502175B2C900A36BFE /* HQProjectVC.m */,
			);
			path = Project;
			sourceTree = "<group>";
		};
		7A83B8382175983B00A36BFE /* Me */ = {
			isa = PBXGroup;
			children = (
				7A83B8522175B2EA00A36BFE /* HQMineVC.h */,
				7A83B8532175B2EA00A36BFE /* HQMineVC.m */,
			);
			path = Me;
			sourceTree = "<group>";
		};
		7A83B8392175983B00A36BFE /* Cart */ = {
			isa = PBXGroup;
			children = (
				7A83B8552175B2FF00A36BFE /* HQCartVC.h */,
				7A83B8562175B2FF00A36BFE /* HQCartVC.m */,
			);
			path = Cart;
			sourceTree = "<group>";
		};
		7A83B83A2175983B00A36BFE /* GoodsCategroy */ = {
			isa = PBXGroup;
			children = (
				7A83B8582175B31600A36BFE /* HQGoodsCategroyVC.h */,
				7A83B8592175B31600A36BFE /* HQGoodsCategroyVC.m */,
			);
			path = GoodsCategroy;
			sourceTree = "<group>";
		};
		7A83B83B2175987500A36BFE /* Main */ = {
			isa = PBXGroup;
			children = (
				7A83B83D2175991E00A36BFE /* Controller */,
				7A83B83E2175991E00A36BFE /* Model */,
				7A83B83C2175991E00A36BFE /* View */,
			);
			path = Main;
			sourceTree = "<group>";
		};
		7A83B83C2175991E00A36BFE /* View */ = {
			isa = PBXGroup;
			children = (
				7A83B8422175994E00A36BFE /* HQTabbar.h */,
				7A83B8432175994E00A36BFE /* HQTabbar.m */,
			);
			path = View;
			sourceTree = "<group>";
		};
		7A83B83D2175991E00A36BFE /* Controller */ = {
			isa = PBXGroup;
			children = (
				7A83B83F2175993B00A36BFE /* HQMainTabbarVC.h */,
				7A83B8402175993B00A36BFE /* HQMainTabbarVC.m */,
			);
			path = Controller;
			sourceTree = "<group>";
		};
		7A83B83E2175991E00A36BFE /* Model */ = {
			isa = PBXGroup;
			children = (
			);
			path = Model;
			sourceTree = "<group>";
		};
		7A83B8452175B0FD00A36BFE /* Categroy */ = {
			isa = PBXGroup;
			children = (
				7A83B8462175B13500A36BFE /* UIImage+HQImage.h */,
				7A83B8472175B13500A36BFE /* UIImage+HQImage.m */,
				7A83B8492175B1C700A36BFE /* UIView+HQExtension.h */,
				7A83B84A2175B1C700A36BFE /* UIView+HQExtension.m */,
				7A83B85B2175BBE400A36BFE /* UIColor+HQColor.h */,
				7A83B85C2175BBE400A36BFE /* UIColor+HQColor.m */,
			);
			path = Categroy;
			sourceTree = "<group>";
		};
/* End PBXGroup section */

/* Begin PBXNativeTarget section */
		7A83B7FF2175977400A36BFE /* HQShopDemo */ = {
			isa = PBXNativeTarget;
			buildConfigurationList = 7A83B82C2175977600A36BFE /* Build configuration list for PBXNativeTarget "HQShopDemo" */;
			buildPhases = (
				7A83B7FC2175977400A36BFE /* Sources */,
				7A83B7FD2175977400A36BFE /* Frameworks */,
				7A83B7FE2175977400A36BFE /* Resources */,
			);
			buildRules = (
			);
			dependencies = (
			);
			name = HQShopDemo;
			productName = HQShopDemo;
			productReference = 7A83B8002175977400A36BFE /* HQShopDemo.app */;
			productType = "com.apple.product-type.application";
		};
		7A83B8172175977600A36BFE /* HQShopDemoTests */ = {
			isa = PBXNativeTarget;
			buildConfigurationList = 7A83B82F2175977600A36BFE /* Build configuration list for PBXNativeTarget "HQShopDemoTests" */;
			buildPhases = (
				7A83B8142175977600A36BFE /* Sources */,
				7A83B8152175977600A36BFE /* Frameworks */,
				7A83B8162175977600A36BFE /* Resources */,
			);
			buildRules = (
			);
			dependencies = (
				7A83B81A2175977600A36BFE /* PBXTargetDependency */,
			);
			name = HQShopDemoTests;
			productName = HQShopDemoTests;
			productReference = 7A83B8182175977600A36BFE /* HQShopDemoTests.xctest */;
			productType = "com.apple.product-type.bundle.unit-test";
		};
		7A83B8222175977600A36BFE /* HQShopDemoUITests */ = {
			isa = PBXNativeTarget;
			buildConfigurationList = 7A83B8322175977600A36BFE /* Build configuration list for PBXNativeTarget "HQShopDemoUITests" */;
			buildPhases = (
				7A83B81F2175977600A36BFE /* Sources */,
				7A83B8202175977600A36BFE /* Frameworks */,
				7A83B8212175977600A36BFE /* Resources */,
			);
			buildRules = (
			);
			dependencies = (
				7A83B8252175977600A36BFE /* PBXTargetDependency */,
			);
			name = HQShopDemoUITests;
			productName = HQShopDemoUITests;
			productReference = 7A83B8232175977600A36BFE /* HQShopDemoUITests.xctest */;
			productType = "com.apple.product-type.bundle.ui-testing";
		};
/* End PBXNativeTarget section */

/* Begin PBXProject section */
		7A83B7F82175977400A36BFE /* Project object */ = {
			isa = PBXProject;
			attributes = {
				LastUpgradeCheck = 1000;
				ORGANIZATIONNAME = "君凯商联网";
				TargetAttributes = {
					7A83B7FF2175977400A36BFE = {
						CreatedOnToolsVersion = 10.0;
					};
					7A83B8172175977600A36BFE = {
						CreatedOnToolsVersion = 10.0;
						TestTargetID = 7A83B7FF2175977400A36BFE;
					};
					7A83B8222175977600A36BFE = {
						CreatedOnToolsVersion = 10.0;
						TestTargetID = 7A83B7FF2175977400A36BFE;
					};
				};
			};
			buildConfigurationList = 7A83B7FB2175977400A36BFE /* Build configuration list for PBXProject "HQShopDemo" */;
			compatibilityVersion = "Xcode 9.3";
			developmentRegion = en;
			hasScannedForEncodings = 0;
			knownRegions = (
				en,
				Base,
			);
			mainGroup = 7A83B7F72175977400A36BFE;
			productRefGroup = 7A83B8012175977400A36BFE /* Products */;
			projectDirPath = "";
			projectRoot = "";
			targets = (
				7A83B7FF2175977400A36BFE /* HQShopDemo */,
				7A83B8172175977600A36BFE /* HQShopDemoTests */,
				7A83B8222175977600A36BFE /* HQShopDemoUITests */,
			);
		};
/* End PBXProject section */

/* Begin PBXResourcesBuildPhase section */
		7A83B7FE2175977400A36BFE /* Resources */ = {
			isa = PBXResourcesBuildPhase;
			buildActionMask = 2147483647;
			files = (
				7A83B8102175977600A36BFE /* LaunchScreen.storyboard in Resources */,
				7A83B80D2175977600A36BFE /* Assets.xcassets in Resources */,
				7A83B80B2175977400A36BFE /* Main.storyboard in Resources */,
			);
			runOnlyForDeploymentPostprocessing = 0;
		};
		7A83B8162175977600A36BFE /* Resources */ = {
			isa = PBXResourcesBuildPhase;
			buildActionMask = 2147483647;
			files = (
			);
			runOnlyForDeploymentPostprocessing = 0;
		};
		7A83B8212175977600A36BFE /* Resources */ = {
			isa = PBXResourcesBuildPhase;
			buildActionMask = 2147483647;
			files = (
			);
			runOnlyForDeploymentPostprocessing = 0;
		};
/* End PBXResourcesBuildPhase section */

/* Begin PBXSourcesBuildPhase section */
		7A83B7FC2175977400A36BFE /* Sources */ = {
			isa = PBXSourcesBuildPhase;
			buildActionMask = 2147483647;
			files = (
				7A83B8542175B2EA00A36BFE /* HQMineVC.m in Sources */,
				7A83B84E2175B2A000A36BFE /* HQHomeVC.m in Sources */,
				7A83B8512175B2C900A36BFE /* HQProjectVC.m in Sources */,
				7A83B8482175B13500A36BFE /* UIImage+HQImage.m in Sources */,
				7A83B84B2175B1C700A36BFE /* UIView+HQExtension.m in Sources */,
				7A83B8572175B2FF00A36BFE /* HQCartVC.m in Sources */,
				7A83B8082175977400A36BFE /* ViewController.m in Sources */,
				7A83B85D2175BBE400A36BFE /* UIColor+HQColor.m in Sources */,
				7A83B8132175977600A36BFE /* main.m in Sources */,
				7A83B8412175993B00A36BFE /* HQMainTabbarVC.m in Sources */,
				7A83B8052175977400A36BFE /* AppDelegate.m in Sources */,
				7A83B85A2175B31600A36BFE /* HQGoodsCategroyVC.m in Sources */,
				7A83B8442175994E00A36BFE /* HQTabbar.m in Sources */,
			);
			runOnlyForDeploymentPostprocessing = 0;
		};
		7A83B8142175977600A36BFE /* Sources */ = {
			isa = PBXSourcesBuildPhase;
			buildActionMask = 2147483647;
			files = (
				7A83B81D2175977600A36BFE /* HQShopDemoTests.m in Sources */,
			);
			runOnlyForDeploymentPostprocessing = 0;
		};
		7A83B81F2175977600A36BFE /* Sources */ = {
			isa = PBXSourcesBuildPhase;
			buildActionMask = 2147483647;
			files = (
				7A83B8282175977600A36BFE /* HQShopDemoUITests.m in Sources */,
			);
			runOnlyForDeploymentPostprocessing = 0;
		};
/* End PBXSourcesBuildPhase section */

/* Begin PBXTargetDependency section */
		7A83B81A2175977600A36BFE /* PBXTargetDependency */ = {
			isa = PBXTargetDependency;
			target = 7A83B7FF2175977400A36BFE /* HQShopDemo */;
			targetProxy = 7A83B8192175977600A36BFE /* PBXContainerItemProxy */;
		};
		7A83B8252175977600A36BFE /* PBXTargetDependency */ = {
			isa = PBXTargetDependency;
			target = 7A83B7FF2175977400A36BFE /* HQShopDemo */;
			targetProxy = 7A83B8242175977600A36BFE /* PBXContainerItemProxy */;
		};
/* End PBXTargetDependency section */

/* Begin PBXVariantGroup section */
		7A83B8092175977400A36BFE /* Main.storyboard */ = {
			isa = PBXVariantGroup;
			children = (
				7A83B80A2175977400A36BFE /* Base */,
			);
			name = Main.storyboard;
			sourceTree = "<group>";
		};
		7A83B80E2175977600A36BFE /* LaunchScreen.storyboard */ = {
			isa = PBXVariantGroup;
			children = (
				7A83B80F2175977600A36BFE /* Base */,
			);
			name = LaunchScreen.storyboard;
			sourceTree = "<group>";
		};
/* End PBXVariantGroup section */

/* Begin XCBuildConfiguration section */
		7A83B82A2175977600A36BFE /* Debug */ = {
			isa = XCBuildConfiguration;
			buildSettings = {
				ALWAYS_SEARCH_USER_PATHS = NO;
				CLANG_ANALYZER_NONNULL = YES;
				CLANG_ANALYZER_NUMBER_OBJECT_CONVERSION = YES_AGGRESSIVE;
				CLANG_CXX_LANGUAGE_STANDARD = "gnu++14";
				CLANG_CXX_LIBRARY = "libc++";
				CLANG_ENABLE_MODULES = YES;
				CLANG_ENABLE_OBJC_ARC = YES;
				CLANG_ENABLE_OBJC_WEAK = YES;
				CLANG_WARN_BLOCK_CAPTURE_AUTORELEASING = YES;
				CLANG_WARN_BOOL_CONVERSION = YES;
				CLANG_WARN_COMMA = YES;
				CLANG_WARN_CONSTANT_CONVERSION = YES;
				CLANG_WARN_DEPRECATED_OBJC_IMPLEMENTATIONS = YES;
				CLANG_WARN_DIRECT_OBJC_ISA_USAGE = YES_ERROR;
				CLANG_WARN_DOCUMENTATION_COMMENTS = YES;
				CLANG_WARN_EMPTY_BODY = YES;
				CLANG_WARN_ENUM_CONVERSION = YES;
				CLANG_WARN_INFINITE_RECURSION = YES;
				CLANG_WARN_INT_CONVERSION = YES;
				CLANG_WARN_NON_LITERAL_NULL_CONVERSION = YES;
				CLANG_WARN_OBJC_IMPLICIT_RETAIN_SELF = YES;
				CLANG_WARN_OBJC_LITERAL_CONVERSION = YES;
				CLANG_WARN_OBJC_ROOT_CLASS = YES_ERROR;
				CLANG_WARN_RANGE_LOOP_ANALYSIS = YES;
				CLANG_WARN_STRICT_PROTOTYPES = YES;
				CLANG_WARN_SUSPICIOUS_MOVE = YES;
				CLANG_WARN_UNGUARDED_AVAILABILITY = YES_AGGRESSIVE;
				CLANG_WARN_UNREACHABLE_CODE = YES;
				CLANG_WARN__DUPLICATE_METHOD_MATCH = YES;
				CODE_SIGN_IDENTITY = "iPhone Developer";
				COPY_PHASE_STRIP = NO;
				DEBUG_INFORMATION_FORMAT = dwarf;
				ENABLE_STRICT_OBJC_MSGSEND = YES;
				ENABLE_TESTABILITY = YES;
				GCC_C_LANGUAGE_STANDARD = gnu11;
				GCC_DYNAMIC_NO_PIC = NO;
				GCC_NO_COMMON_BLOCKS = YES;
				GCC_OPTIMIZATION_LEVEL = 0;
				GCC_PREPROCESSOR_DEFINITIONS = (
					"DEBUG=1",
					"$(inherited)",
				);
				GCC_WARN_64_TO_32_BIT_CONVERSION = YES;
				GCC_WARN_ABOUT_RETURN_TYPE = YES_ERROR;
				GCC_WARN_UNDECLARED_SELECTOR = YES;
				GCC_WARN_UNINITIALIZED_AUTOS = YES_AGGRESSIVE;
				GCC_WARN_UNUSED_FUNCTION = YES;
				GCC_WARN_UNUSED_VARIABLE = YES;
				IPHONEOS_DEPLOYMENT_TARGET = 12.0;
				MTL_ENABLE_DEBUG_INFO = INCLUDE_SOURCE;
				MTL_FAST_MATH = YES;
				ONLY_ACTIVE_ARCH = YES;
				SDKROOT = iphoneos;
			};
			name = Debug;
		};
		7A83B82B2175977600A36BFE /* Release */ = {
			isa = XCBuildConfiguration;
			buildSettings = {
				ALWAYS_SEARCH_USER_PATHS = NO;
				CLANG_ANALYZER_NONNULL = YES;
				CLANG_ANALYZER_NUMBER_OBJECT_CONVERSION = YES_AGGRESSIVE;
				CLANG_CXX_LANGUAGE_STANDARD = "gnu++14";
				CLANG_CXX_LIBRARY = "libc++";
				CLANG_ENABLE_MODULES = YES;
				CLANG_ENABLE_OBJC_ARC = YES;
				CLANG_ENABLE_OBJC_WEAK = YES;
				CLANG_WARN_BLOCK_CAPTURE_AUTORELEASING = YES;
				CLANG_WARN_BOOL_CONVERSION = YES;
				CLANG_WARN_COMMA = YES;
				CLANG_WARN_CONSTANT_CONVERSION = YES;
				CLANG_WARN_DEPRECATED_OBJC_IMPLEMENTATIONS = YES;
				CLANG_WARN_DIRECT_OBJC_ISA_USAGE = YES_ERROR;
				CLANG_WARN_DOCUMENTATION_COMMENTS = YES;
				CLANG_WARN_EMPTY_BODY = YES;
				CLANG_WARN_ENUM_CONVERSION = YES;
				CLANG_WARN_INFINITE_RECURSION = YES;
				CLANG_WARN_INT_CONVERSION = YES;
				CLANG_WARN_NON_LITERAL_NULL_CONVERSION = YES;
				CLANG_WARN_OBJC_IMPLICIT_RETAIN_SELF = YES;
				CLANG_WARN_OBJC_LITERAL_CONVERSION = YES;
				CLANG_WARN_OBJC_ROOT_CLASS = YES_ERROR;
				CLANG_WARN_RANGE_LOOP_ANALYSIS = YES;
				CLANG_WARN_STRICT_PROTOTYPES = YES;
				CLANG_WARN_SUSPICIOUS_MOVE = YES;
				CLANG_WARN_UNGUARDED_AVAILABILITY = YES_AGGRESSIVE;
				CLANG_WARN_UNREACHABLE_CODE = YES;
				CLANG_WARN__DUPLICATE_METHOD_MATCH = YES;
				CODE_SIGN_IDENTITY = "iPhone Developer";
				COPY_PHASE_STRIP = NO;
				DEBUG_INFORMATION_FORMAT = "dwarf-with-dsym";
				ENABLE_NS_ASSERTIONS = NO;
				ENABLE_STRICT_OBJC_MSGSEND = YES;
				GCC_C_LANGUAGE_STANDARD = gnu11;
				GCC_NO_COMMON_BLOCKS = YES;
				GCC_WARN_64_TO_32_BIT_CONVERSION = YES;
				GCC_WARN_ABOUT_RETURN_TYPE = YES_ERROR;
				GCC_WARN_UNDECLARED_SELECTOR = YES;
				GCC_WARN_UNINITIALIZED_AUTOS = YES_AGGRESSIVE;
				GCC_WARN_UNUSED_FUNCTION = YES;
				GCC_WARN_UNUSED_VARIABLE = YES;
				IPHONEOS_DEPLOYMENT_TARGET = 12.0;
				MTL_ENABLE_DEBUG_INFO = NO;
				MTL_FAST_MATH = YES;
				SDKROOT = iphoneos;
				VALIDATE_PRODUCT = YES;
			};
			name = Release;
		};
		7A83B82D2175977600A36BFE /* Debug */ = {
			isa = XCBuildConfiguration;
			buildSettings = {
				ASSETCATALOG_COMPILER_APPICON_NAME = AppIcon;
				CODE_SIGN_STYLE = Automatic;
				INFOPLIST_FILE = HQShopDemo/Info.plist;
				LD_RUNPATH_SEARCH_PATHS = (
					"$(inherited)",
					"@executable_path/Frameworks",
				);
				PRODUCT_BUNDLE_IDENTIFIER = JunKai.HQShopDemo;
				PRODUCT_NAME = "$(TARGET_NAME)";
				TARGETED_DEVICE_FAMILY = "1,2";
			};
			name = Debug;
		};
		7A83B82E2175977600A36BFE /* Release */ = {
			isa = XCBuildConfiguration;
			buildSettings = {
				ASSETCATALOG_COMPILER_APPICON_NAME = AppIcon;
				CODE_SIGN_STYLE = Automatic;
				INFOPLIST_FILE = HQShopDemo/Info.plist;
				LD_RUNPATH_SEARCH_PATHS = (
					"$(inherited)",
					"@executable_path/Frameworks",
				);
				PRODUCT_BUNDLE_IDENTIFIER = JunKai.HQShopDemo;
				PRODUCT_NAME = "$(TARGET_NAME)";
				TARGETED_DEVICE_FAMILY = "1,2";
			};
			name = Release;
		};
		7A83B8302175977600A36BFE /* Debug */ = {
			isa = XCBuildConfiguration;
			buildSettings = {
				BUNDLE_LOADER = "$(TEST_HOST)";
				CODE_SIGN_STYLE = Automatic;
				INFOPLIST_FILE = HQShopDemoTests/Info.plist;
				LD_RUNPATH_SEARCH_PATHS = (
					"$(inherited)",
					"@executable_path/Frameworks",
					"@loader_path/Frameworks",
				);
				PRODUCT_BUNDLE_IDENTIFIER = JunKai.HQShopDemoTests;
				PRODUCT_NAME = "$(TARGET_NAME)";
				TARGETED_DEVICE_FAMILY = "1,2";
				TEST_HOST = "$(BUILT_PRODUCTS_DIR)/HQShopDemo.app/HQShopDemo";
			};
			name = Debug;
		};
		7A83B8312175977600A36BFE /* Release */ = {
			isa = XCBuildConfiguration;
			buildSettings = {
				BUNDLE_LOADER = "$(TEST_HOST)";
				CODE_SIGN_STYLE = Automatic;
				INFOPLIST_FILE = HQShopDemoTests/Info.plist;
				LD_RUNPATH_SEARCH_PATHS = (
					"$(inherited)",
					"@executable_path/Frameworks",
					"@loader_path/Frameworks",
				);
				PRODUCT_BUNDLE_IDENTIFIER = JunKai.HQShopDemoTests;
				PRODUCT_NAME = "$(TARGET_NAME)";
				TARGETED_DEVICE_FAMILY = "1,2";
				TEST_HOST = "$(BUILT_PRODUCTS_DIR)/HQShopDemo.app/HQShopDemo";
			};
			name = Release;
		};
		7A83B8332175977600A36BFE /* Debug */ = {
			isa = XCBuildConfiguration;
			buildSettings = {
				CODE_SIGN_STYLE = Automatic;
				INFOPLIST_FILE = HQShopDemoUITests/Info.plist;
				LD_RUNPATH_SEARCH_PATHS = (
					"$(inherited)",
					"@executable_path/Frameworks",
					"@loader_path/Frameworks",
				);
				PRODUCT_BUNDLE_IDENTIFIER = JunKai.HQShopDemoUITests;
				PRODUCT_NAME = "$(TARGET_NAME)";
				TARGETED_DEVICE_FAMILY = "1,2";
				TEST_TARGET_NAME = HQShopDemo;
			};
			name = Debug;
		};
		7A83B8342175977600A36BFE /* Release */ = {
			isa = XCBuildConfiguration;
			buildSettings = {
				CODE_SIGN_STYLE = Automatic;
				INFOPLIST_FILE = HQShopDemoUITests/Info.plist;
				LD_RUNPATH_SEARCH_PATHS = (
					"$(inherited)",
					"@executable_path/Frameworks",
					"@loader_path/Frameworks",
				);
				PRODUCT_BUNDLE_IDENTIFIER = JunKai.HQShopDemoUITests;
				PRODUCT_NAME = "$(TARGET_NAME)";
				TARGETED_DEVICE_FAMILY = "1,2";
				TEST_TARGET_NAME = HQShopDemo;
			};
			name = Release;
		};
/* End XCBuildConfiguration section */

/* Begin XCConfigurationList section */
		7A83B7FB2175977400A36BFE /* Build configuration list for PBXProject "HQShopDemo" */ = {
			isa = XCConfigurationList;
			buildConfigurations = (
				7A83B82A2175977600A36BFE /* Debug */,
				7A83B82B2175977600A36BFE /* Release */,
			);
			defaultConfigurationIsVisible = 0;
			defaultConfigurationName = Release;
		};
		7A83B82C2175977600A36BFE /* Build configuration list for PBXNativeTarget "HQShopDemo" */ = {
			isa = XCConfigurationList;
			buildConfigurations = (
				7A83B82D2175977600A36BFE /* Debug */,
				7A83B82E2175977600A36BFE /* Release */,
			);
			defaultConfigurationIsVisible = 0;
			defaultConfigurationName = Release;
		};
		7A83B82F2175977600A36BFE /* Build configuration list for PBXNativeTarget "HQShopDemoTests" */ = {
			isa = XCConfigurationList;
			buildConfigurations = (
				7A83B8302175977600A36BFE /* Debug */,
				7A83B8312175977600A36BFE /* Release */,
			);
			defaultConfigurationIsVisible = 0;
			defaultConfigurationName = Release;
		};
		7A83B8322175977600A36BFE /* Build configuration list for PBXNativeTarget "HQShopDemoUITests" */ = {
			isa = XCConfigurationList;
			buildConfigurations = (
				7A83B8332175977600A36BFE /* Debug */,
				7A83B8342175977600A36BFE /* Release */,
			);
			defaultConfigurationIsVisible = 0;
			defaultConfigurationName = Release;
		};
/* End XCConfigurationList section */
	};
	rootObject = 7A83B7F82175977400A36BFE /* Project object */;
}
